// !$*UTF8*$!
{
	archiveVersion = 1;
	classes = {
	};
	objectVersion = 90;
	objects = {

/* Begin PBXBuildFile section */
		ABC000000000000000000001 /* MCP in Frameworks */ = {isa = PBXBuildFile; productRef = ABC000000000000000000002 /* MCP */; };
/* End PBXBuildFile section */

/* Begin PBXContainerItemProxy section */
		E0628E2E306EC5F400D1CAC0 /* PBXContainerItemProxy */ = {
			isa = PBXContainerItemProxy;
			containerPortal = 000000000000000000000000 /* Project object */;
			proxyType = 1;
			remoteGlobalIDString = 000000000000000100000000;
			remoteInfo = LLMTUIGUI;
		};
		E0E3F99630759CB700573805 /* PBXContainerItemProxy */ = {
			isa = PBXContainerItemProxy;
			containerPortal = 000000000000000000000000 /* Project object */;
			proxyType = 1;
			remoteGlobalIDString = E0E3F98830759CB600573805;
			remoteInfo = LLMTUIiOS;
		};
		E0E3F9A030759CB700573805 /* PBXContainerItemProxy */ = {
			isa = PBXContainerItemProxy;
			containerPortal = 000000000000000000000000 /* Project object */;
			proxyType = 1;
			remoteGlobalIDString = E0E3F98830759CB600573805;
			remoteInfo = LLMTUIiOS;
		};
/* End PBXContainerItemProxy section */

/* Begin PBXFileReference section */
		0000000000000000000000C1 /* Config/Signing.xcconfig */ = {isa = PBXFileReference; lastKnownFileType = text.xcconfig; path = Config/Signing.xcconfig; sourceTree = "<group>"; };
		000000000000000000000120 /* LLMTUIGUI.app */ = {isa = PBXFileReference; explicitFileType = wrapper.application; includeInIndex = 0; path = LLMTUIGUI.app; sourceTree = BUILT_PRODUCTS_DIR; };
		E0628E27306EC28F00D1CAC0 /* LLMTUIGUITests.xctest */ = {isa = PBXFileReference; explicitFileType = wrapper.cfbundle; includeInIndex = 0; path = LLMTUIGUITests.xctest; sourceTree = BUILT_PRODUCTS_DIR; };
		E0E3F98930759CB600573805 /* LLMTUIiOS.app */ = {isa = PBXFileReference; explicitFileType = wrapper.application; includeInIndex = 0; path = LLMTUIiOS.app; sourceTree = BUILT_PRODUCTS_DIR; };
		E0E3F99530759CB700573805 /* LLMTUIiOSTests.xctest */ = {isa = PBXFileReference; explicitFileType = wrapper.cfbundle; includeInIndex = 0; path = LLMTUIiOSTests.xctest; sourceTree = BUILT_PRODUCTS_DIR; };
		E0E3F99F30759CB700573805 /* LLMTUIiOSUITests.xctest */ = {isa = PBXFileReference; explicitFileType = wrapper.cfbundle; includeInIndex = 0; path = LLMTUIiOSUITests.xctest; sourceTree = BUILT_PRODUCTS_DIR; };
/* End PBXFileReference section */

/* Begin PBXFileSystemSynchronizedBuildFileExceptionSet section */
		E0628E22306E994C00D1CAC0 /* Exceptions for "LLMTUIGUI" folder in "LLMTUIGUI" target */ = {
			isa = PBXFileSystemSynchronizedBuildFileExceptionSet;
			membershipExceptions = (
				Info.plist,
			);
			target = 000000000000000100000000 /* LLMTUIGUI */;
		};
		ABC000000000000000000004 = {isa = PBXFileSystemSynchronizedBuildFileExceptionSet; membershipExceptions = (Info.plist,); target = E0E3F98830759CB600573805; };
/* End PBXFileSystemSynchronizedBuildFileExceptionSet section */

/* Begin PBXFileSystemSynchronizedRootGroup section */
		000000000000000000000010 /* LLMTUIGUI */ = {
			isa = PBXFileSystemSynchronizedRootGroup;
			exceptions = (
				E0628E22306E994C00D1CAC0 /* Exceptions for "LLMTUIGUI" folder in "LLMTUIGUI" target */,
			);
			path = LLMTUIGUI;
			sourceTree = "<group>";
		};
		E0628E28306EC28F00D1CAC0 /* LLMTUIGUITests */ = {
			isa = PBXFileSystemSynchronizedRootGroup;
			path = LLMTUIGUITests;
			sourceTree = "<group>";
		};
		E0E3F98A30759CB600573805 /* LLMTUIiOS */ = {
			isa = PBXFileSystemSynchronizedRootGroup;
			exceptions = (ABC000000000000000000004,);
			path = LLMTUIiOS;
			sourceTree = "<group>";
		};
		E0E3F99830759CB700573805 /* LLMTUIiOSTests */ = {
			isa = PBXFileSystemSynchronizedRootGroup;
			path = LLMTUIiOSTests;
			sourceTree = "<group>";
		};
		E0E3F9A230759CB700573805 /* LLMTUIiOSUITests */ = {
			isa = PBXFileSystemSynchronizedRootGroup;
			path = LLMTUIiOSUITests;
			sourceTree = "<group>";
		};
/* End PBXFileSystemSynchronizedRootGroup section */

/* Begin PBXFrameworksBuildPhase section */
		000000000000000130000000 /* Frameworks */ = {
			isa = PBXFrameworksBuildPhase;
			files = (
			);
		};
		E0628E24306EC28F00D1CAC0 /* Frameworks */ = {
			isa = PBXFrameworksBuildPhase;
			files = (
			);
		};
		E0E3F98630759CB600573805 /* Frameworks */ = {
			isa = PBXFrameworksBuildPhase;
			files = (
				ABC000000000000000000001 /* MCP in Frameworks */,
			);
		};
		E0E3F99230759CB700573805 /* Frameworks */ = {
			isa = PBXFrameworksBuildPhase;
			files = (
			);
		};
		E0E3F99C30759CB700573805 /* Frameworks */ = {
			isa = PBXFrameworksBuildPhase;
			files = (
			);
		};
/* End PBXFrameworksBuildPhase section */

/* Begin PBXGroup section */
		000000000000000000000001 = {
			isa = PBXGroup;
			children = (
				000000000000000000000010 /* LLMTUIGUI */,
				E0628E28306EC28F00D1CAC0 /* LLMTUIGUITests */,
				E0E3F98A30759CB600573805 /* LLMTUIiOS */,
				E0E3F99830759CB700573805 /* LLMTUIiOSTests */,
				E0E3F9A230759CB700573805 /* LLMTUIiOSUITests */,
				000000000000000000000020 /* Products */,
				0000000000000000000000C1 /* Config/Signing.xcconfig */,
			);
			sourceTree = "<group>";
		};
		000000000000000000000020 /* Products */ = {
			isa = PBXGroup;
			children = (
				000000000000000000000120 /* LLMTUIGUI.app */,
				E0628E27306EC28F00D1CAC0 /* LLMTUIGUITests.xctest */,
				E0E3F98930759CB600573805 /* LLMTUIiOS.app */,
				E0E3F99530759CB700573805 /* LLMTUIiOSTests.xctest */,
				E0E3F99F30759CB700573805 /* LLMTUIiOSUITests.xctest */,
			);
			name = Products;
			sourceTree = "<group>";
		};
/* End PBXGroup section */

/* Begin PBXNativeTarget section */
		000000000000000100000000 /* LLMTUIGUI */ = {
			isa = PBXNativeTarget;
			buildConfigurationList = 000000000000000110000000 /* Build configuration list for PBXNativeTarget "LLMTUIGUI" */;
			buildPhases = (
				000000000000000120000000 /* Sources */,
				000000000000000130000000 /* Frameworks */,
				000000000000000140000000 /* Resources */,
			);
			buildRules = (
			);
			fileSystemSynchronizedGroups = (
				000000000000000000000010 /* LLMTUIGUI */,
			);
			name = LLMTUIGUI;
			productName = MyApp;
			productReference = 000000000000000000000120 /* LLMTUIGUI.app */;
			productType = "com.apple.product-type.application";
		};
		E0628E26306EC28F00D1CAC0 /* LLMTUIGUITests */ = {
			isa = PBXNativeTarget;
			buildConfigurationList = E0628E2B306EC28F00D1CAC0 /* Build configuration list for PBXNativeTarget "LLMTUIGUITests" */;
			buildPhases = (
				E0628E23306EC28F00D1CAC0 /* Sources */,
				E0628E24306EC28F00D1CAC0 /* Frameworks */,
				E0628E25306EC28F00D1CAC0 /* Resources */,
			);
			buildRules = (
			);
			dependencies = (
				E0628E2F306EC5F400D1CAC0 /* PBXTargetDependency */,
			);
			fileSystemSynchronizedGroups = (
				E0628E28306EC28F00D1CAC0 /* LLMTUIGUITests */,
			);
			name = LLMTUIGUITests;
			productName = LLMTUIGUITests;
			productReference = E0628E27306EC28F00D1CAC0 /* LLMTUIGUITests.xctest */;
			productType = "com.apple.product-type.bundle.unit-test";
		};
		E0E3F98830759CB600573805 /* LLMTUIiOS */ = {
			isa = PBXNativeTarget;
			buildConfigurationList = E0E3F9A530759CB700573805 /* Build configuration list for PBXNativeTarget "LLMTUIiOS" */;
			buildPhases = (
				E0E3F98530759CB600573805 /* Sources */,
				E0E3F98630759CB600573805 /* Frameworks */,
				E0E3F98730759CB600573805 /* Resources */,
			);
			buildRules = (
			);
			fileSystemSynchronizedGroups = (
				E0E3F98A30759CB600573805 /* LLMTUIiOS */,
			);
			packageProductDependencies = (ABC000000000000000000002 /* MCP */,);
			name = LLMTUIiOS;
			productName = LLMTUIiOS;
			productReference = E0E3F98930759CB600573805 /* LLMTUIiOS.app */;
			productType = "com.apple.product-type.application";
		};
		E0E3F99430759CB700573805 /* LLMTUIiOSTests */ = {
			isa = PBXNativeTarget;
			buildConfigurationList = E0E3F9A830759CB700573805 /* Build configuration list for PBXNativeTarget "LLMTUIiOSTests" */;
			buildPhases = (
				E0E3F99130759CB700573805 /* Sources */,
				E0E3F99230759CB700573805 /* Frameworks */,
				E0E3F99330759CB700573805 /* Resources */,
			);
			buildRules = (
			);
			dependencies = (
				E0E3F99730759CB700573805 /* PBXTargetDependency */,
			);
			fileSystemSynchronizedGroups = (
				E0E3F99830759CB700573805 /* LLMTUIiOSTests */,
			);
			name = LLMTUIiOSTests;
			productName = LLMTUIiOSTests;
			productReference = E0E3F99530759CB700573805 /* LLMTUIiOSTests.xctest */;
			productType = "com.apple.product-type.bundle.unit-test";
		};
		E0E3F99E30759CB700573805 /* LLMTUIiOSUITests */ = {
			isa = PBXNativeTarget;
			buildConfigurationList = E0E3F9AB30759CB700573805 /* Build configuration list for PBXNativeTarget "LLMTUIiOSUITests" */;
			buildPhases = (
				E0E3F99B30759CB700573805 /* Sources */,
				E0E3F99C30759CB700573805 /* Frameworks */,
				E0E3F99D30759CB700573805 /* Resources */,
			);
			buildRules = (
			);
			dependencies = (
				E0E3F9A130759CB700573805 /* PBXTargetDependency */,
			);
			fileSystemSynchronizedGroups = (
				E0E3F9A230759CB700573805 /* LLMTUIiOSUITests */,
			);
			name = LLMTUIiOSUITests;
			productName = LLMTUIiOSUITests;
			productReference = E0E3F99F30759CB700573805 /* LLMTUIiOSUITests.xctest */;
			productType = "com.apple.product-type.bundle.ui-testing";
		};
/* End PBXNativeTarget section */

/* Begin PBXProject section */
		000000000000000000000000 /* Project object */ = {
			isa = PBXProject;
			attributes = {
				BuildIndependentTargetsInParallel = 1;
				LastSwiftUpdateCheck = 2700;
				LastUpgradeCheck = 2700;
				TargetAttributes = {
					000000000000000100000000 = {
						CreatedOnToolsVersion = 26.3;
					};
					E0628E26306EC28F00D1CAC0 = {
						CreatedOnToolsVersion = 27.0;
					};
					E0E3F98830759CB600573805 = {
						CreatedOnToolsVersion = 27.0;
					};
					E0E3F99430759CB700573805 = {
						CreatedOnToolsVersion = 27.0;
						TestTargetID = E0E3F98830759CB600573805;
					};
					E0E3F99E30759CB700573805 = {
						CreatedOnToolsVersion = 27.0;
						TestTargetID = E0E3F98830759CB600573805;
					};
				};
			};
			buildConfigurationList = 000000000000000010000000 /* Build configuration list for PBXProject "LLMTUIGUI" */;
			developmentRegion = en;
			hasScannedForEncodings = 0;
			knownRegions = (
				en,
				Base,
			);
			mainGroup = 000000000000000000000001;
			minimizedProjectReferenceProxies = 1;
			preferredProjectObjectVersion = 90;
			productRefGroup = 000000000000000000000020 /* Products */;
			packageReferences = (ABC000000000000000000003 /* swift-sdk */,);
			projectDirPath = "";
			projectRoot = "";
			targets = (
				000000000000000100000000 /* LLMTUIGUI */,
				E0628E26306EC28F00D1CAC0 /* LLMTUIGUITests */,
				E0E3F98830759CB600573805 /* LLMTUIiOS */,
				E0E3F99430759CB700573805 /* LLMTUIiOSTests */,
				E0E3F99E30759CB700573805 /* LLMTUIiOSUITests */,
			);
		};
/* End PBXProject section */

/* Begin PBXResourcesBuildPhase section */
		000000000000000140000000 /* Resources */ = {
			isa = PBXResourcesBuildPhase;
			files = (
			);
		};
		E0628E25306EC28F00D1CAC0 /* Resources */ = {
			isa = PBXResourcesBuildPhase;
			files = (
			);
		};
		E0E3F98730759CB600573805 /* Resources */ = {
			isa = PBXResourcesBuildPhase;
			files = (
			);
		};
		E0E3F99330759CB700573805 /* Resources */ = {
			isa = PBXResourcesBuildPhase;
			files = (
			);
		};
		E0E3F99D30759CB700573805 /* Resources */ = {
			isa = PBXResourcesBuildPhase;
			files = (
			);
		};
/* End PBXResourcesBuildPhase section */

/* Begin PBXSourcesBuildPhase section */
		000000000000000120000000 /* Sources */ = {
			isa = PBXSourcesBuildPhase;
			files = (
			);
		};
		E0628E23306EC28F00D1CAC0 /* Sources */ = {
			isa = PBXSourcesBuildPhase;
			files = (
			);
		};
		E0E3F98530759CB600573805 /* Sources */ = {
			isa = PBXSourcesBuildPhase;
			files = (
			);
		};
		E0E3F99130759CB700573805 /* Sources */ = {
			isa = PBXSourcesBuildPhase;
			files = (
			);
		};
		E0E3F99B30759CB700573805 /* Sources */ = {
			isa = PBXSourcesBuildPhase;
			files = (
			);
		};
/* End PBXSourcesBuildPhase section */

/* Begin PBXTargetDependency section */
		E0628E2F306EC5F400D1CAC0 /* PBXTargetDependency */ = {
			isa = PBXTargetDependency;
			target = 000000000000000100000000 /* LLMTUIGUI */;
			targetProxy = E0628E2E306EC5F400D1CAC0 /* PBXContainerItemProxy */;
		};
		E0E3F99730759CB700573805 /* PBXTargetDependency */ = {
			isa = PBXTargetDependency;
			target = E0E3F98830759CB600573805 /* LLMTUIiOS */;
			targetProxy = E0E3F99630759CB700573805 /* PBXContainerItemProxy */;
		};
		E0E3F9A130759CB700573805 /* PBXTargetDependency */ = {
			isa = PBXTargetDependency;
			target = E0E3F98830759CB600573805 /* LLMTUIiOS */;
			targetProxy = E0E3F9A030759CB700573805 /* PBXContainerItemProxy */;
		};
/* End PBXTargetDependency section */

/* Begin XCRemoteSwiftPackageReference section */
		ABC000000000000000000003 /* swift-sdk */ = {isa = XCRemoteSwiftPackageReference; repositoryURL = "https://github.com/modelcontextprotocol/swift-sdk.git"; requirement = {kind = exactVersion; version = 0.12.1; }; };
/* End XCRemoteSwiftPackageReference section */
/* Begin XCSwiftPackageProductDependency section */
		ABC000000000000000000002 /* MCP */ = {isa = XCSwiftPackageProductDependency; package = ABC000000000000000000003 /* swift-sdk */; productName = MCP; };
/* End XCSwiftPackageProductDependency section */

/* Begin XCBuildConfiguration section */
		000000000000000011000000 /* Debug configuration for PBXProject "LLMTUIGUI" */ = {
			isa = XCBuildConfiguration;
			baseConfigurationReference = 0000000000000000000000C1 /* Config/Signing.xcconfig */;
			buildSettings = {
				ALWAYS_SEARCH_USER_PATHS = NO;
				ASSETCATALOG_COMPILER_GENERATE_SWIFT_ASSET_SYMBOL_EXTENSIONS = YES;
				CLANG_ANALYZER_NONNULL = YES;
				CLANG_ANALYZER_NUMBER_OBJECT_CONVERSION = YES_AGGRESSIVE;
				CLANG_CXX_LANGUAGE_STANDARD = "gnu++20";
				CLANG_ENABLE_MODULES = YES;
				CLANG_ENABLE_OBJC_ARC = YES;
				CLANG_ENABLE_OBJC_WEAK = YES;
				CLANG_WARN_BLOCK_CAPTURE_AUTORELEASING = YES;
				CLANG_WARN_BOOL_CONVERSION = YES;
				CLANG_WARN_COMMA = YES;
				CLANG_WARN_CONSTANT_CONVERSION = YES;
				CLANG_WARN_DEPRECATED_OBJC_IMPLEMENTATIONS = YES;
				CLANG_WARN_DIRECT_OBJC_ISA_USAGE = YES_ERROR;
				CLANG_WARN_DOCUMENTATION_COMMENTS = YES;
				CLANG_WARN_EMPTY_BODY = YES;
				CLANG_WARN_ENUM_CONVERSION = YES;
				CLANG_WARN_INFINITE_RECURSION = YES;
				CLANG_WARN_INT_CONVERSION = YES;
				CLANG_WARN_NON_LITERAL_NULL_CONVERSION = YES;
				CLANG_WARN_OBJC_IMPLICIT_RETAIN_SELF = YES;
				CLANG_WARN_OBJC_LITERAL_CONVERSION = YES;
				CLANG_WARN_OBJC_ROOT_CLASS = YES_ERROR;
				CLANG_WARN_QUOTED_INCLUDE_IN_FRAMEWORK_HEADER = YES;
				CLANG_WARN_RANGE_LOOP_ANALYSIS = YES;
				CLANG_WARN_STRICT_PROTOTYPES = YES;
				CLANG_WARN_SUSPICIOUS_MOVE = YES;
				CLANG_WARN_UNGUARDED_AVAILABILITY = YES_AGGRESSIVE;
				CLANG_WARN_UNREACHABLE_CODE = YES;
				CLANG_WARN__DUPLICATE_METHOD_MATCH = YES;
				COPY_PHASE_STRIP = NO;
				DEAD_CODE_STRIPPING = YES;
				DEBUG_INFORMATION_FORMAT = dwarf;
				DRIVERKIT_DEPLOYMENT_TARGET = 27.0;
				ENABLE_STRICT_OBJC_MSGSEND = YES;
				ENABLE_TESTABILITY = YES;
				ENABLE_USER_SCRIPT_SANDBOXING = YES;
				GCC_C_LANGUAGE_STANDARD = gnu17;
				GCC_DYNAMIC_NO_PIC = NO;
				GCC_NO_COMMON_BLOCKS = YES;
				GCC_OPTIMIZATION_LEVEL = 0;
				GCC_PREPROCESSOR_DEFINITIONS = (
					"DEBUG=1",
					"$(inherited)",
				);
				GCC_WARN_64_TO_32_BIT_CONVERSION = YES;
				GCC_WARN_ABOUT_RETURN_TYPE = YES_ERROR;
				GCC_WARN_UNDECLARED_SELECTOR = YES;
				GCC_WARN_UNINITIALIZED_AUTOS = YES_AGGRESSIVE;
				GCC_WARN_UNUSED_FUNCTION = YES;
				GCC_WARN_UNUSED_VARIABLE = YES;
				IPHONEOS_DEPLOYMENT_TARGET = 27.0;
				LOCALIZATION_PREFERS_STRING_CATALOGS = YES;
				MACOSX_DEPLOYMENT_TARGET = 26.0;
				MTL_ENABLE_DEBUG_INFO = INCLUDE_SOURCE;
				MTL_FAST_MATH = YES;
				ONLY_ACTIVE_ARCH = YES;
				PROJECT_UNIQUE_VALUE = VBYCTHG9;
				STRING_CATALOG_GENERATE_SYMBOLS = YES;
				SWIFT_ACTIVE_COMPILATION_CONDITIONS = "DEBUG $(inherited)";
				SWIFT_OPTIMIZATION_LEVEL = "-Onone";
				TVOS_DEPLOYMENT_TARGET = 27.0;
				WATCHOS_DEPLOYMENT_TARGET = 27.0;
				XROS_DEPLOYMENT_TARGET = 27.0;
			};
			name = Debug;
		};
		000000000000000012000000 /* Release configuration for PBXProject "LLMTUIGUI" */ = {
			isa = XCBuildConfiguration;
			baseConfigurationReference = 0000000000000000000000C1 /* Config/Signing.xcconfig */;
			buildSettings = {
				ALWAYS_SEARCH_USER_PATHS = NO;
				ASSETCATALOG_COMPILER_GENERATE_SWIFT_ASSET_SYMBOL_EXTENSIONS = YES;
				CLANG_ANALYZER_NONNULL = YES;
				CLANG_ANALYZER_NUMBER_OBJECT_CONVERSION = YES_AGGRESSIVE;
				CLANG_CXX_LANGUAGE_STANDARD = "gnu++20";
				CLANG_ENABLE_MODULES = YES;
				CLANG_ENABLE_OBJC_ARC = YES;
				CLANG_ENABLE_OBJC_WEAK = YES;
				CLANG_WARN_BLOCK_CAPTURE_AUTORELEASING = YES;
				CLANG_WARN_BOOL_CONVERSION = YES;
				CLANG_WARN_COMMA = YES;
				CLANG_WARN_CONSTANT_CONVERSION = YES;
				CLANG_WARN_DEPRECATED_OBJC_IMPLEMENTATIONS = YES;
				CLANG_WARN_DIRECT_OBJC_ISA_USAGE = YES_ERROR;
				CLANG_WARN_DOCUMENTATION_COMMENTS = YES;
				CLANG_WARN_EMPTY_BODY = YES;
				CLANG_WARN_ENUM_CONVERSION = YES;
				CLANG_WARN_INFINITE_RECURSION = YES;
				CLANG_WARN_INT_CONVERSION = YES;
				CLANG_WARN_NON_LITERAL_NULL_CONVERSION = YES;
				CLANG_WARN_OBJC_IMPLICIT_RETAIN_SELF = YES;
				CLANG_WARN_OBJC_LITERAL_CONVERSION = YES;
				CLANG_WARN_OBJC_ROOT_CLASS = YES_ERROR;
				CLANG_WARN_QUOTED_INCLUDE_IN_FRAMEWORK_HEADER = YES;
				CLANG_WARN_RANGE_LOOP_ANALYSIS = YES;
				CLANG_WARN_STRICT_PROTOTYPES = YES;
				CLANG_WARN_SUSPICIOUS_MOVE = YES;
				CLANG_WARN_UNGUARDED_AVAILABILITY = YES_AGGRESSIVE;
				CLANG_WARN_UNREACHABLE_CODE = YES;
				CLANG_WARN__DUPLICATE_METHOD_MATCH = YES;
				COPY_PHASE_STRIP = NO;
				DEAD_CODE_STRIPPING = YES;
				DEBUG_INFORMATION_FORMAT = "dwarf-with-dsym";
				DRIVERKIT_DEPLOYMENT_TARGET = 27.0;
				ENABLE_NS_ASSERTIONS = NO;
				ENABLE_STRICT_OBJC_MSGSEND = YES;
				ENABLE_USER_SCRIPT_SANDBOXING = YES;
				GCC_C_LANGUAGE_STANDARD = gnu17;
				GCC_NO_COMMON_BLOCKS = YES;
				GCC_WARN_64_TO_32_BIT_CONVERSION = YES;
				GCC_WARN_ABOUT_RETURN_TYPE = YES_ERROR;
				GCC_WARN_UNDECLARED_SELECTOR = YES;
				GCC_WARN_UNINITIALIZED_AUTOS = YES_AGGRESSIVE;
				GCC_WARN_UNUSED_FUNCTION = YES;
				GCC_WARN_UNUSED_VARIABLE = YES;
				IPHONEOS_DEPLOYMENT_TARGET = 27.0;
				LOCALIZATION_PREFERS_STRING_CATALOGS = YES;
				MACOSX_DEPLOYMENT_TARGET = 26.0;
				MTL_ENABLE_DEBUG_INFO = NO;
				MTL_FAST_MATH = YES;
				ONLY_ACTIVE_ARCH = YES;
				PROJECT_UNIQUE_VALUE = VBYCTHG9;
				STRING_CATALOG_GENERATE_SYMBOLS = YES;
				SWIFT_COMPILATION_MODE = wholemodule;
				TVOS_DEPLOYMENT_TARGET = 27.0;
				WATCHOS_DEPLOYMENT_TARGET = 27.0;
				XROS_DEPLOYMENT_TARGET = 27.0;
			};
			name = Release;
		};
		000000000000000111000000 /* Debug configuration for PBXNativeTarget "LLMTUIGUI" */ = {
			isa = XCBuildConfiguration;
			buildSettings = {
				ASSETCATALOG_COMPILER_APPICON_NAME = "";
				ASSETCATALOG_COMPILER_INCLUDE_ALL_APPICON_ASSETS = YES;
				AUTOMATION_APPLE_EVENTS = YES;
				CODE_SIGN_STYLE = Automatic;
				CURRENT_PROJECT_VERSION = 18;
				ENABLE_APP_SANDBOX = NO;
				ENABLE_HARDENED_RUNTIME = YES;
				ENABLE_INCOMING_NETWORK_CONNECTIONS = NO;
				ENABLE_OUTGOING_NETWORK_CONNECTIONS = YES;
				ENABLE_PREVIEWS = YES;
				ENABLE_RESOURCE_ACCESS_AUDIO_INPUT = NO;
				ENABLE_RESOURCE_ACCESS_BLUETOOTH = NO;
				ENABLE_RESOURCE_ACCESS_CALENDARS = YES;
				ENABLE_RESOURCE_ACCESS_CAMERA = NO;
				ENABLE_RESOURCE_ACCESS_CONTACTS = NO;
				ENABLE_RESOURCE_ACCESS_LOCATION = NO;
				ENABLE_RESOURCE_ACCESS_PHOTO_LIBRARY = NO;
				ENABLE_RESOURCE_ACCESS_PRINTING = NO;
				ENABLE_RESOURCE_ACCESS_USB = NO;
				ENABLE_TESTABILITY = YES;
				ENABLE_USER_SELECTED_FILES = readonly;
				GENERATE_INFOPLIST_FILE = YES;
				INFOPLIST_FILE = LLMTUIGUI/Info.plist;
				INFOPLIST_KEY_CFBundleDisplayName = "LLMTUI Config GUI";
				INFOPLIST_KEY_LSApplicationCategoryType = "public.app-category.productivity";
				INFOPLIST_KEY_NSAppleEventsUsageDescription = "This app can discover Apple Mail account identifiers when you explicitly request Personal Apps setup.";
				INFOPLIST_KEY_NSCalendarsFullAccessUsageDescription = "This app can discover Calendar identifiers when you explicitly request Personal Apps setup.";
				"INFOPLIST_KEY_UIApplicationSceneManifest_Generation[sdk=iphoneos*]" = YES;
				"INFOPLIST_KEY_UIApplicationSceneManifest_Generation[sdk=iphonesimulator*]" = YES;
				"INFOPLIST_KEY_UIApplicationSupportsIndirectInputEvents[sdk=iphoneos*]" = YES;
				"INFOPLIST_KEY_UIApplicationSupportsIndirectInputEvents[sdk=iphonesimulator*]" = YES;
				"INFOPLIST_KEY_UILaunchScreen_Generation[sdk=iphoneos*]" = YES;
				"INFOPLIST_KEY_UILaunchScreen_Generation[sdk=iphonesimulator*]" = YES;
				"INFOPLIST_KEY_UIStatusBarStyle[sdk=iphoneos*]" = UIStatusBarStyleDefault;
				"INFOPLIST_KEY_UIStatusBarStyle[sdk=iphonesimulator*]" = UIStatusBarStyleDefault;
				INFOPLIST_KEY_UISupportedInterfaceOrientations_iPad = "UIInterfaceOrientationPortrait UIInterfaceOrientationPortraitUpsideDown UIInterfaceOrientationLandscapeLeft UIInterfaceOrientationLandscapeRight";
				INFOPLIST_KEY_UISupportedInterfaceOrientations_iPhone = "UIInterfaceOrientationPortrait UIInterfaceOrientationLandscapeLeft UIInterfaceOrientationLandscapeRight";
				LD_RUNPATH_SEARCH_PATHS = "@executable_path/Frameworks";
				"LD_RUNPATH_SEARCH_PATHS[sdk=macosx*]" = "@executable_path/../Frameworks";
				MARKETING_VERSION = 1.0;
				PRODUCT_BUNDLE_IDENTIFIER = com.patriknakladalpersonalteam.LLMTUIGUI;
				PRODUCT_NAME = "$(TARGET_NAME)";
				REGISTER_APP_GROUPS = YES;
				RUNTIME_EXCEPTION_ALLOW_DYLD_ENVIRONMENT_VARIABLES = NO;
				RUNTIME_EXCEPTION_ALLOW_JIT = NO;
				RUNTIME_EXCEPTION_ALLOW_UNSIGNED_EXECUTABLE_MEMORY = NO;
				RUNTIME_EXCEPTION_DEBUGGING_TOOL = NO;
				RUNTIME_EXCEPTION_DISABLE_EXECUTABLE_PAGE_PROTECTION = NO;
				RUNTIME_EXCEPTION_DISABLE_LIBRARY_VALIDATION = NO;
				SDKROOT = auto;
				STRING_CATALOG_GENERATE_SYMBOLS = YES;
				SUPPORTED_PLATFORMS = macosx;
				SWIFT_APPROACHABLE_CONCURRENCY = YES;
				SWIFT_DEFAULT_ACTOR_ISOLATION = MainActor;
				SWIFT_EMIT_LOC_STRINGS = YES;
				SWIFT_UPCOMING_FEATURE_MEMBER_IMPORT_VISIBILITY = YES;
				SWIFT_VERSION = 5.0;
				TARGETED_DEVICE_FAMILY = "1,2,7";
			};
			name = Debug;
		};
		000000000000000112000000 /* Release configuration for PBXNativeTarget "LLMTUIGUI" */ = {
			isa = XCBuildConfiguration;
			buildSettings = {
				ASSETCATALOG_COMPILER_APPICON_NAME = "";
				ASSETCATALOG_COMPILER_INCLUDE_ALL_APPICON_ASSETS = YES;
				AUTOMATION_APPLE_EVENTS = YES;
				CODE_SIGN_STYLE = Automatic;
				CURRENT_PROJECT_VERSION = 18;
				ENABLE_APP_SANDBOX = NO;
				ENABLE_HARDENED_RUNTIME = YES;
				ENABLE_INCOMING_NETWORK_CONNECTIONS = NO;
				ENABLE_OUTGOING_NETWORK_CONNECTIONS = YES;
				ENABLE_PREVIEWS = YES;
				ENABLE_RESOURCE_ACCESS_AUDIO_INPUT = NO;
				ENABLE_RESOURCE_ACCESS_BLUETOOTH = NO;
				ENABLE_RESOURCE_ACCESS_CALENDARS = YES;
				ENABLE_RESOURCE_ACCESS_CAMERA = NO;
				ENABLE_RESOURCE_ACCESS_CONTACTS = NO;
				ENABLE_RESOURCE_ACCESS_LOCATION = NO;
				ENABLE_RESOURCE_ACCESS_PHOTO_LIBRARY = NO;
				ENABLE_RESOURCE_ACCESS_PRINTING = NO;
				ENABLE_RESOURCE_ACCESS_USB = NO;
				ENABLE_TESTABILITY = YES;
				ENABLE_USER_SELECTED_FILES = readonly;
				GENERATE_INFOPLIST_FILE = YES;
				INFOPLIST_FILE = LLMTUIGUI/Info.plist;
				INFOPLIST_KEY_CFBundleDisplayName = "LLMTUI Config GUI";
				INFOPLIST_KEY_LSApplicationCategoryType = "public.app-category.productivity";
				INFOPLIST_KEY_NSAppleEventsUsageDescription = "This app can discover Apple Mail account identifiers when you explicitly request Personal Apps setup.";
				INFOPLIST_KEY_NSCalendarsFullAccessUsageDescription = "This app can discover Calendar identifiers when you explicitly request Personal Apps setup.";
				"INFOPLIST_KEY_UIApplicationSceneManifest_Generation[sdk=iphoneos*]" = YES;
				"INFOPLIST_KEY_UIApplicationSceneManifest_Generation[sdk=iphonesimulator*]" = YES;
				"INFOPLIST_KEY_UIApplicationSupportsIndirectInputEvents[sdk=iphoneos*]" = YES;
				"INFOPLIST_KEY_UIApplicationSupportsIndirectInputEvents[sdk=iphonesimulator*]" = YES;
				"INFOPLIST_KEY_UILaunchScreen_Generation[sdk=iphoneos*]" = YES;
				"INFOPLIST_KEY_UILaunchScreen_Generation[sdk=iphonesimulator*]" = YES;
				"INFOPLIST_KEY_UIStatusBarStyle[sdk=iphoneos*]" = UIStatusBarStyleDefault;
				"INFOPLIST_KEY_UIStatusBarStyle[sdk=iphonesimulator*]" = UIStatusBarStyleDefault;
				INFOPLIST_KEY_UISupportedInterfaceOrientations_iPad = "UIInterfaceOrientationPortrait UIInterfaceOrientationPortraitUpsideDown UIInterfaceOrientationLandscapeLeft UIInterfaceOrientationLandscapeRight";
				INFOPLIST_KEY_UISupportedInterfaceOrientations_iPhone = "UIInterfaceOrientationPortrait UIInterfaceOrientationLandscapeLeft UIInterfaceOrientationLandscapeRight";
				LD_RUNPATH_SEARCH_PATHS = "@executable_path/Frameworks";
				"LD_RUNPATH_SEARCH_PATHS[sdk=macosx*]" = "@executable_path/../Frameworks";
				MARKETING_VERSION = 1.0;
				PRODUCT_BUNDLE_IDENTIFIER = com.patriknakladalpersonalteam.LLMTUIGUI;
				PRODUCT_NAME = "$(TARGET_NAME)";
				REGISTER_APP_GROUPS = YES;
				RUNTIME_EXCEPTION_ALLOW_DYLD_ENVIRONMENT_VARIABLES = NO;
				RUNTIME_EXCEPTION_ALLOW_JIT = NO;
				RUNTIME_EXCEPTION_ALLOW_UNSIGNED_EXECUTABLE_MEMORY = NO;
				RUNTIME_EXCEPTION_DEBUGGING_TOOL = NO;
				RUNTIME_EXCEPTION_DISABLE_EXECUTABLE_PAGE_PROTECTION = NO;
				RUNTIME_EXCEPTION_DISABLE_LIBRARY_VALIDATION = NO;
				SDKROOT = auto;
				STRING_CATALOG_GENERATE_SYMBOLS = YES;
				SUPPORTED_PLATFORMS = macosx;
				SWIFT_APPROACHABLE_CONCURRENCY = YES;
				SWIFT_DEFAULT_ACTOR_ISOLATION = MainActor;
				SWIFT_EMIT_LOC_STRINGS = YES;
				SWIFT_UPCOMING_FEATURE_MEMBER_IMPORT_VISIBILITY = YES;
				SWIFT_VERSION = 5.0;
				TARGETED_DEVICE_FAMILY = "1,2,7";
			};
			name = Release;
		};
		E0628E2C306EC28F00D1CAC0 /* Debug configuration for PBXNativeTarget "LLMTUIGUITests" */ = {
			isa = XCBuildConfiguration;
			buildSettings = {
				BUNDLE_LOADER = "$(TEST_HOST)";
				CODE_SIGN_STYLE = Automatic;
				CURRENT_PROJECT_VERSION = 1;
				GENERATE_INFOPLIST_FILE = YES;
				MARKETING_VERSION = 1.0;
				PRODUCT_BUNDLE_IDENTIFIER = com.patriknakladal.LLMTUIGUITests;
				PRODUCT_NAME = "$(TARGET_NAME)";
				SDKROOT = macosx;
				STRING_CATALOG_GENERATE_SYMBOLS = NO;
				SWIFT_APPROACHABLE_CONCURRENCY = YES;
				SWIFT_EMIT_LOC_STRINGS = NO;
				SWIFT_UPCOMING_FEATURE_MEMBER_IMPORT_VISIBILITY = YES;
				SWIFT_VERSION = 5.0;
				TEST_HOST = "$(BUILT_PRODUCTS_DIR)/LLMTUIGUI.app/Contents/MacOS/LLMTUIGUI";
			};
			name = Debug;
		};
		E0628E2D306EC28F00D1CAC0 /* Release configuration for PBXNativeTarget "LLMTUIGUITests" */ = {
			isa = XCBuildConfiguration;
			buildSettings = {
				BUNDLE_LOADER = "$(TEST_HOST)";
				CODE_SIGN_STYLE = Automatic;
				CURRENT_PROJECT_VERSION = 1;
				GENERATE_INFOPLIST_FILE = YES;
				MARKETING_VERSION = 1.0;
				PRODUCT_BUNDLE_IDENTIFIER = com.patriknakladal.LLMTUIGUITests;
				PRODUCT_NAME = "$(TARGET_NAME)";
				SDKROOT = macosx;
				STRING_CATALOG_GENERATE_SYMBOLS = NO;
				SWIFT_APPROACHABLE_CONCURRENCY = YES;
				SWIFT_EMIT_LOC_STRINGS = NO;
				SWIFT_UPCOMING_FEATURE_MEMBER_IMPORT_VISIBILITY = YES;
				SWIFT_VERSION = 5.0;
				TEST_HOST = "$(BUILT_PRODUCTS_DIR)/LLMTUIGUI.app/Contents/MacOS/LLMTUIGUI";
			};
			name = Release;
		};
		E0E3F9A630759CB700573805 /* Debug configuration for PBXNativeTarget "LLMTUIiOS" */ = {
			isa = XCBuildConfiguration;
			buildSettings = {
				ASSETCATALOG_COMPILER_APPICON_NAME = AppIcon;
				ASSETCATALOG_COMPILER_GLOBAL_ACCENT_COLOR_NAME = AccentColor;
				CODE_SIGN_STYLE = Automatic;
				CURRENT_PROJECT_VERSION = 1;
				ENABLE_APP_SANDBOX = YES;
				ENABLE_PREVIEWS = YES;
				ENABLE_USER_SELECTED_FILES = readonly;
				GENERATE_INFOPLIST_FILE = YES;
				INFOPLIST_FILE = LLMTUIiOS/Info.plist;
				INFOPLIST_KEY_NSLocalNetworkUsageDescription = "LLMTUI connects to model providers and explicitly selected MCP servers on your local network.";
				INFOPLIST_KEY_NSPhotoLibraryAddUsageDescription = "LLMTUI saves images and exported diagrams to your photo library when you choose Save Image.";
				INFOPLIST_KEY_UIApplicationSceneManifest_Generation = YES;
				"INFOPLIST_KEY_UIApplicationSceneManifest_Generation[sdk=iphoneos*]" = YES;
				"INFOPLIST_KEY_UIApplicationSceneManifest_Generation[sdk=iphonesimulator*]" = YES;
				INFOPLIST_KEY_UIApplicationSupportsIndirectInputEvents = YES;
				"INFOPLIST_KEY_UIApplicationSupportsIndirectInputEvents[sdk=iphoneos*]" = YES;
				"INFOPLIST_KEY_UIApplicationSupportsIndirectInputEvents[sdk=iphonesimulator*]" = YES;
				INFOPLIST_KEY_UILaunchScreen_Generation = YES;
				"INFOPLIST_KEY_UILaunchScreen_Generation[sdk=iphoneos*]" = YES;
				"INFOPLIST_KEY_UILaunchScreen_Generation[sdk=iphonesimulator*]" = YES;
				INFOPLIST_KEY_UIStatusBarStyle = UIStatusBarStyleDefault;
				"INFOPLIST_KEY_UIStatusBarStyle[sdk=iphoneos*]" = UIStatusBarStyleDefault;
				"INFOPLIST_KEY_UIStatusBarStyle[sdk=iphonesimulator*]" = UIStatusBarStyleDefault;
				INFOPLIST_KEY_UISupportedInterfaceOrientations_iPad = "UIInterfaceOrientationPortrait UIInterfaceOrientationPortraitUpsideDown UIInterfaceOrientationLandscapeLeft UIInterfaceOrientationLandscapeRight";
				INFOPLIST_KEY_UISupportedInterfaceOrientations_iPhone = "UIInterfaceOrientationPortrait UIInterfaceOrientationLandscapeLeft UIInterfaceOrientationLandscapeRight";
				IPHONEOS_DEPLOYMENT_TARGET = 18.0;
				LD_RUNPATH_SEARCH_PATHS = "@executable_path/Frameworks";
				"LD_RUNPATH_SEARCH_PATHS[sdk=macosx*]" = "@executable_path/../Frameworks";
				MACOSX_DEPLOYMENT_TARGET = 27.0;
				MARKETING_VERSION = 1.0;
				PRODUCT_BUNDLE_IDENTIFIER = com.patriknakladalpersonalteam.LLMTUIiOS;
				PRODUCT_NAME = "$(TARGET_NAME)";
				REGISTER_APP_GROUPS = YES;
				SDKROOT = iphoneos;
				STRING_CATALOG_GENERATE_SYMBOLS = YES;
				SUPPORTED_PLATFORMS = "iphoneos iphonesimulator";
				SWIFT_APPROACHABLE_CONCURRENCY = YES;
				SWIFT_DEFAULT_ACTOR_ISOLATION = MainActor;
				SWIFT_EMIT_LOC_STRINGS = YES;
				SWIFT_UPCOMING_FEATURE_MEMBER_IMPORT_VISIBILITY = YES;
				SWIFT_VERSION = 5.0;
				TARGETED_DEVICE_FAMILY = "1,2";
				XROS_DEPLOYMENT_TARGET = 27.0;
			};
			name = Debug;
		};
		E0E3F9A730759CB700573805 /* Release configuration for PBXNativeTarget "LLMTUIiOS" */ = {
			isa = XCBuildConfiguration;
			buildSettings = {
				ASSETCATALOG_COMPILER_APPICON_NAME = AppIcon;
				ASSETCATALOG_COMPILER_GLOBAL_ACCENT_COLOR_NAME = AccentColor;
				CODE_SIGN_STYLE = Automatic;
				CURRENT_PROJECT_VERSION = 1;
				ENABLE_APP_SANDBOX = YES;
				ENABLE_PREVIEWS = YES;
				ENABLE_USER_SELECTED_FILES = readonly;
				GENERATE_INFOPLIST_FILE = YES;
				INFOPLIST_FILE = LLMTUIiOS/Info.plist;
				INFOPLIST_KEY_NSLocalNetworkUsageDescription = "LLMTUI connects to model providers and explicitly selected MCP servers on your local network.";
				INFOPLIST_KEY_NSPhotoLibraryAddUsageDescription = "LLMTUI saves images and exported diagrams to your photo library when you choose Save Image.";
				INFOPLIST_KEY_UIApplicationSceneManifest_Generation = YES;
				"INFOPLIST_KEY_UIApplicationSceneManifest_Generation[sdk=iphoneos*]" = YES;
				"INFOPLIST_KEY_UIApplicationSceneManifest_Generation[sdk=iphonesimulator*]" = YES;
				INFOPLIST_KEY_UIApplicationSupportsIndirectInputEvents = YES;
				"INFOPLIST_KEY_UIApplicationSupportsIndirectInputEvents[sdk=iphoneos*]" = YES;
				"INFOPLIST_KEY_UIApplicationSupportsIndirectInputEvents[sdk=iphonesimulator*]" = YES;
				INFOPLIST_KEY_UILaunchScreen_Generation = YES;
				"INFOPLIST_KEY_UILaunchScreen_Generation[sdk=iphoneos*]" = YES;
				"INFOPLIST_KEY_UILaunchScreen_Generation[sdk=iphonesimulator*]" = YES;
				INFOPLIST_KEY_UIStatusBarStyle = UIStatusBarStyleDefault;
				"INFOPLIST_KEY_UIStatusBarStyle[sdk=iphoneos*]" = UIStatusBarStyleDefault;
				"INFOPLIST_KEY_UIStatusBarStyle[sdk=iphonesimulator*]" = UIStatusBarStyleDefault;
				INFOPLIST_KEY_UISupportedInterfaceOrientations_iPad = "UIInterfaceOrientationPortrait UIInterfaceOrientationPortraitUpsideDown UIInterfaceOrientationLandscapeLeft UIInterfaceOrientationLandscapeRight";
				INFOPLIST_KEY_UISupportedInterfaceOrientations_iPhone = "UIInterfaceOrientationPortrait UIInterfaceOrientationLandscapeLeft UIInterfaceOrientationLandscapeRight";
				IPHONEOS_DEPLOYMENT_TARGET = 18.0;
				LD_RUNPATH_SEARCH_PATHS = "@executable_path/Frameworks";
				"LD_RUNPATH_SEARCH_PATHS[sdk=macosx*]" = "@executable_path/../Frameworks";
				MACOSX_DEPLOYMENT_TARGET = 27.0;
				MARKETING_VERSION = 1.0;
				PRODUCT_BUNDLE_IDENTIFIER = com.patriknakladalpersonalteam.LLMTUIiOS;
				PRODUCT_NAME = "$(TARGET_NAME)";
				REGISTER_APP_GROUPS = YES;
				SDKROOT = iphoneos;
				STRING_CATALOG_GENERATE_SYMBOLS = YES;
				SUPPORTED_PLATFORMS = "iphoneos iphonesimulator";
				SWIFT_APPROACHABLE_CONCURRENCY = YES;
				SWIFT_DEFAULT_ACTOR_ISOLATION = MainActor;
				SWIFT_EMIT_LOC_STRINGS = YES;
				SWIFT_UPCOMING_FEATURE_MEMBER_IMPORT_VISIBILITY = YES;
				SWIFT_VERSION = 5.0;
				TARGETED_DEVICE_FAMILY = "1,2";
				XROS_DEPLOYMENT_TARGET = 27.0;
			};
			name = Release;
		};
		E0E3F9A930759CB700573805 /* Debug configuration for PBXNativeTarget "LLMTUIiOSTests" */ = {
			isa = XCBuildConfiguration;
			buildSettings = {
				BUNDLE_LOADER = "$(TEST_HOST)";
				CODE_SIGN_STYLE = Automatic;
				CURRENT_PROJECT_VERSION = 1;
				GENERATE_INFOPLIST_FILE = YES;
				IPHONEOS_DEPLOYMENT_TARGET = 18.0;
				MACOSX_DEPLOYMENT_TARGET = 27.0;
				MARKETING_VERSION = 1.0;
				PRODUCT_BUNDLE_IDENTIFIER = com.patriknakladalpersonalteam.LLMTUIiOSTests;
				PRODUCT_NAME = "$(TARGET_NAME)";
				SDKROOT = iphoneos;
				STRING_CATALOG_GENERATE_SYMBOLS = NO;
				SUPPORTED_PLATFORMS = "iphoneos iphonesimulator";
				SWIFT_APPROACHABLE_CONCURRENCY = YES;
				SWIFT_EMIT_LOC_STRINGS = NO;
				SWIFT_UPCOMING_FEATURE_MEMBER_IMPORT_VISIBILITY = YES;
				SWIFT_VERSION = 5.0;
				TARGETED_DEVICE_FAMILY = "1,2";
				TEST_HOST = "$(BUILT_PRODUCTS_DIR)/LLMTUIiOS.app/$(BUNDLE_EXECUTABLE_FOLDER_PATH)/LLMTUIiOS";
				XROS_DEPLOYMENT_TARGET = 27.0;
			};
			name = Debug;
		};
		E0E3F9AA30759CB700573805 /* Release configuration for PBXNativeTarget "LLMTUIiOSTests" */ = {
			isa = XCBuildConfiguration;
			buildSettings = {
				BUNDLE_LOADER = "$(TEST_HOST)";
				CODE_SIGN_STYLE = Automatic;
				CURRENT_PROJECT_VERSION = 1;
				GENERATE_INFOPLIST_FILE = YES;
				IPHONEOS_DEPLOYMENT_TARGET = 18.0;
				MACOSX_DEPLOYMENT_TARGET = 27.0;
				MARKETING_VERSION = 1.0;
				PRODUCT_BUNDLE_IDENTIFIER = com.patriknakladalpersonalteam.LLMTUIiOSTests;
				PRODUCT_NAME = "$(TARGET_NAME)";
				SDKROOT = iphoneos;
				STRING_CATALOG_GENERATE_SYMBOLS = NO;
				SUPPORTED_PLATFORMS = "iphoneos iphonesimulator";
				SWIFT_APPROACHABLE_CONCURRENCY = YES;
				SWIFT_EMIT_LOC_STRINGS = NO;
				SWIFT_UPCOMING_FEATURE_MEMBER_IMPORT_VISIBILITY = YES;
				SWIFT_VERSION = 5.0;
				TARGETED_DEVICE_FAMILY = "1,2";
				TEST_HOST = "$(BUILT_PRODUCTS_DIR)/LLMTUIiOS.app/$(BUNDLE_EXECUTABLE_FOLDER_PATH)/LLMTUIiOS";
				XROS_DEPLOYMENT_TARGET = 27.0;
			};
			name = Release;
		};
		E0E3F9AC30759CB700573805 /* Debug configuration for PBXNativeTarget "LLMTUIiOSUITests" */ = {
			isa = XCBuildConfiguration;
			buildSettings = {
				CODE_SIGN_STYLE = Automatic;
				CURRENT_PROJECT_VERSION = 1;
				GENERATE_INFOPLIST_FILE = YES;
				IPHONEOS_DEPLOYMENT_TARGET = 18.0;
				MACOSX_DEPLOYMENT_TARGET = 27.0;
				MARKETING_VERSION = 1.0;
				PRODUCT_BUNDLE_IDENTIFIER = com.patriknakladalpersonalteam.LLMTUIiOSUITests;
				PRODUCT_NAME = "$(TARGET_NAME)";
				SDKROOT = iphoneos;
				STRING_CATALOG_GENERATE_SYMBOLS = NO;
				SUPPORTED_PLATFORMS = "iphoneos iphonesimulator";
				SWIFT_APPROACHABLE_CONCURRENCY = YES;
				SWIFT_EMIT_LOC_STRINGS = NO;
				SWIFT_UPCOMING_FEATURE_MEMBER_IMPORT_VISIBILITY = YES;
				SWIFT_VERSION = 5.0;
				TARGETED_DEVICE_FAMILY = "1,2";
				TEST_TARGET_NAME = LLMTUIiOS;
				XROS_DEPLOYMENT_TARGET = 27.0;
			};
			name = Debug;
		};
		E0E3F9AD30759CB700573805 /* Release configuration for PBXNativeTarget "LLMTUIiOSUITests" */ = {
			isa = XCBuildConfiguration;
			buildSettings = {
				CODE_SIGN_STYLE = Automatic;
				CURRENT_PROJECT_VERSION = 1;
				GENERATE_INFOPLIST_FILE = YES;
				IPHONEOS_DEPLOYMENT_TARGET = 18.0;
				MACOSX_DEPLOYMENT_TARGET = 27.0;
				MARKETING_VERSION = 1.0;
				PRODUCT_BUNDLE_IDENTIFIER = com.patriknakladalpersonalteam.LLMTUIiOSUITests;
				PRODUCT_NAME = "$(TARGET_NAME)";
				SDKROOT = iphoneos;
				STRING_CATALOG_GENERATE_SYMBOLS = NO;
				SUPPORTED_PLATFORMS = "iphoneos iphonesimulator";
				SWIFT_APPROACHABLE_CONCURRENCY = YES;
				SWIFT_EMIT_LOC_STRINGS = NO;
				SWIFT_UPCOMING_FEATURE_MEMBER_IMPORT_VISIBILITY = YES;
				SWIFT_VERSION = 5.0;
				TARGETED_DEVICE_FAMILY = "1,2";
				TEST_TARGET_NAME = LLMTUIiOS;
				XROS_DEPLOYMENT_TARGET = 27.0;
			};
			name = Release;
		};
/* End XCBuildConfiguration section */

/* Begin XCConfigurationList section */
		000000000000000010000000 /* Build configuration list for PBXProject "LLMTUIGUI" */ = {
			isa = XCConfigurationList;
			buildConfigurations = (
				000000000000000011000000 /* Debug configuration for PBXProject "LLMTUIGUI" */,
				000000000000000012000000 /* Release configuration for PBXProject "LLMTUIGUI" */,
			);
			defaultConfigurationName = Release;
		};
		000000000000000110000000 /* Build configuration list for PBXNativeTarget "LLMTUIGUI" */ = {
			isa = XCConfigurationList;
			buildConfigurations = (
				000000000000000111000000 /* Debug configuration for PBXNativeTarget "LLMTUIGUI" */,
				000000000000000112000000 /* Release configuration for PBXNativeTarget "LLMTUIGUI" */,
			);
			defaultConfigurationName = Release;
		};
		E0628E2B306EC28F00D1CAC0 /* Build configuration list for PBXNativeTarget "LLMTUIGUITests" */ = {
			isa = XCConfigurationList;
			buildConfigurations = (
				E0628E2C306EC28F00D1CAC0 /* Debug configuration for PBXNativeTarget "LLMTUIGUITests" */,
				E0628E2D306EC28F00D1CAC0 /* Release configuration for PBXNativeTarget "LLMTUIGUITests" */,
			);
			defaultConfigurationName = Release;
		};
		E0E3F9A530759CB700573805 /* Build configuration list for PBXNativeTarget "LLMTUIiOS" */ = {
			isa = XCConfigurationList;
			buildConfigurations = (
				E0E3F9A630759CB700573805 /* Debug configuration for PBXNativeTarget "LLMTUIiOS" */,
				E0E3F9A730759CB700573805 /* Release configuration for PBXNativeTarget "LLMTUIiOS" */,
			);
			defaultConfigurationName = Release;
		};
		E0E3F9A830759CB700573805 /* Build configuration list for PBXNativeTarget "LLMTUIiOSTests" */ = {
			isa = XCConfigurationList;
			buildConfigurations = (
				E0E3F9A930759CB700573805 /* Debug configuration for PBXNativeTarget "LLMTUIiOSTests" */,
				E0E3F9AA30759CB700573805 /* Release configuration for PBXNativeTarget "LLMTUIiOSTests" */,
			);
			defaultConfigurationName = Release;
		};
		E0E3F9AB30759CB700573805 /* Build configuration list for PBXNativeTarget "LLMTUIiOSUITests" */ = {
			isa = XCConfigurationList;
			buildConfigurations = (
				E0E3F9AC30759CB700573805 /* Debug configuration for PBXNativeTarget "LLMTUIiOSUITests" */,
				E0E3F9AD30759CB700573805 /* Release configuration for PBXNativeTarget "LLMTUIiOSUITests" */,
			);
			defaultConfigurationName = Release;
		};
/* End XCConfigurationList section */
	};
	rootObject = 000000000000000000000000 /* Project object */;
}
